// !$*UTF8*$!
{
	archiveVersion = 1;
	classes = {
	};
	objectVersion = 55;
	objects = {

/* Begin PBXBuildFile section */
		51C84C9B26DAFFD1376817B5 /* Pods_EksiSozlukApp.framework in Frameworks */ = {isa = PBXBuildFile; fileRef = E85786C2C000A4DC155949B6 /* Pods_EksiSozlukApp.framework */; };
		9D724B6028E62F2D008ACF29 /* AddContentVC.swift in Sources */ = {isa = PBXBuildFile; fileRef = 9D724B5F28E62F2D008ACF29 /* AddContentVC.swift */; };
		9D9B7B5E28E4CEB20070A810 /* AppDelegate.swift in Sources */ = {isa = PBXBuildFile; fileRef = 9D9B7B5D28E4CEB20070A810 /* AppDelegate.swift */; };
		9D9B7B6028E4CEB20070A810 /* SceneDelegate.swift in Sources */ = {isa = PBXBuildFile; fileRef = 9D9B7B5F28E4CEB20070A810 /* SceneDelegate.swift */; };
		9D9B7B6228E4CEB20070A810 /* MainVC.swift in Sources */ = {isa = PBXBuildFile; fileRef = 9D9B7B6128E4CEB20070A810 /* MainVC.swift */; };
		9D9B7B6528E4CEB20070A810 /* Main.storyboard in Resources */ = {isa = PBXBuildFile; fileRef = 9D9B7B6328E4CEB20070A810 /* Main.storyboard */; };
		9D9B7B6728E4CEB30070A810 /* Assets.xcassets in Resources */ = {isa = PBXBuildFile; fileRef = 9D9B7B6628E4CEB30070A810 /* Assets.xcassets */; };
		9D9B7B6A28E4CEB30070A810 /* LaunchScreen.storyboard in Resources */ = {isa = PBXBuildFile; fileRef = 9D9B7B6828E4CEB30070A810 /* LaunchScreen.storyboard */; };
		9D9B7B7228E4D0CC0070A810 /* GoogleService-Info.plist in Resources */ = {isa = PBXBuildFile; fileRef = 9D9B7B7128E4D0CC0070A810 /* GoogleService-Info.plist */; };
/* End PBXBuildFile section */

/* Begin PBXFileReference section */
		45CC0B5A913587E1F885EB8C /* Pods-EksiSozlukApp.release.xcconfig */ = {isa = PBXFileReference; includeInIndex = 1; lastKnownFileType = text.xcconfig; name = "Pods-EksiSozlukApp.release.xcconfig"; path = "Target Support Files/Pods-EksiSozlukApp/Pods-EksiSozlukApp.release.xcconfig"; sourceTree = "<group>"; };
		9D724B5F28E62F2D008ACF29 /* AddContentVC.swift */ = {isa = PBXFileReference; lastKnownFileType = sourcecode.swift; path = AddContentVC.swift; sourceTree = "<group>"; };
		9D9B7B5A28E4CEB20070A810 /* EksiSozlukApp.app */ = {isa = PBXFileReference; explicitFileType = wrapper.application; includeInIndex = 0; path = EksiSozlukApp.app; sourceTree = BUILT_PRODUCTS_DIR; };
		9D9B7B5D28E4CEB20070A810 /* AppDelegate.swift */ = {isa = PBXFileReference; lastKnownFileType = sourcecode.swift; path = AppDelegate.swift; sourceTree = "<group>"; };
		9D9B7B5F28E4CEB20070A810 /* SceneDelegate.swift */ = {isa = PBXFileReference; lastKnownFileType = sourcecode.swift; path = SceneDelegate.swift; sourceTree = "<group>"; };
		9D9B7B6128E4CEB20070A810 /* MainVC.swift */ = {isa = PBXFileReference; lastKnownFileType = sourcecode.swift; path = MainVC.swift; sourceTree = "<group>"; };
		9D9B7B6428E4CEB20070A810 /* Base */ = {isa = PBXFileReference; lastKnownFileType = file.storyboard; name = Base; path = Base.lproj/Main.storyboard; sourceTree = "<group>"; };
		9D9B7B6628E4CEB30070A810 /* Assets.xcassets */ = {isa = PBXFileReference; lastKnownFileType = folder.assetcatalog; path = Assets.xcassets; sourceTree = "<group>"; };
		9D9B7B6928E4CEB30070A810 /* Base */ = {isa = PBXFileReference; lastKnownFileType = file.storyboard; name = Base; path = Base.lproj/LaunchScreen.storyboard; sourceTree = "<group>"; };
		9D9B7B6B28E4CEB30070A810 /* Info.plist */ = {isa = PBXFileReference; lastKnownFileType = text.plist.xml; path = Info.plist; sourceTree = "<group>"; };
		9D9B7B7128E4D0CC0070A810 /* GoogleService-Info.plist */ = {isa = PBXFileReference; fileEncoding = 4; lastKnownFileType = text.plist.xml; path = "GoogleService-Info.plist"; sourceTree = "<group>"; };
		E85786C2C000A4DC155949B6 /* Pods_EksiSozlukApp.framework */ = {isa = PBXFileReference; explicitFileType = wrapper.framework; includeInIndex = 0; path = Pods_EksiSozlukApp.framework; sourceTree = BUILT_PRODUCTS_DIR; };
		EADC9E99698122290096AA68 /* Pods-EksiSozlukApp.debug.xcconfig */ = {isa = PBXFileReference; includeInIndex = 1; lastKnownFileType = text.xcconfig; name = "Pods-EksiSozlukApp.debug.xcconfig"; path = "Target Support Files/Pods-EksiSozlukApp/Pods-EksiSozlukApp.debug.xcconfig"; sourceTree = "<group>"; };
/* End PBXFileReference section */

/* Begin PBXFrameworksBuildPhase section */
		9D9B7B5728E4CEB20070A810 /* Frameworks */ = {
			isa = PBXFrameworksBuildPhase;
			buildActionMask = 2147483647;
			files = (
				51C84C9B26DAFFD1376817B5 /* Pods_EksiSozlukApp.framework in Frameworks */,
			);
			runOnlyForDeploymentPostprocessing = 0;
		};
/* End PBXFrameworksBuildPhase section */

/* Begin PBXGroup section */
		6C5AB61D7EF9D87CF7EDC15B /* Frameworks */ = {
			isa = PBXGroup;
			children = (
				E85786C2C000A4DC155949B6 /* Pods_EksiSozlukApp.framework */,
			);
			name = Frameworks;
			sourceTree = "<group>";
		};
		9D724B5C28E62E99008ACF29 /* Controller */ = {
			isa = PBXGroup;
			children = (
				9D9B7B6128E4CEB20070A810 /* MainVC.swift */,
				9D724B5F28E62F2D008ACF29 /* AddContentVC.swift */,
			);
			path = Controller;
			sourceTree = "<group>";
		};
		9D724B5D28E62EA0008ACF29 /* View */ = {
			isa = PBXGroup;
			children = (
			);
			path = View;
			sourceTree = "<group>";
		};
		9D724B5E28E62EA5008ACF29 /* Model */ = {
			isa = PBXGroup;
			children = (
			);
			path = Model;
			sourceTree = "<group>";
		};
		9D9B7B5128E4CEB20070A810 = {
			isa = PBXGroup;
			children = (
				9D9B7B5C28E4CEB20070A810 /* EksiSozlukApp */,
				9D9B7B5B28E4CEB20070A810 /* Products */,
				BD79FFC7A6F00B7202FD8406 /* Pods */,
				6C5AB61D7EF9D87CF7EDC15B /* Frameworks */,
			);
			sourceTree = "<group>";
		};
		9D9B7B5B28E4CEB20070A810 /* Products */ = {
			isa = PBXGroup;
			children = (
				9D9B7B5A28E4CEB20070A810 /* EksiSozlukApp.app */,
			);
			name = Products;
			sourceTree = "<group>";
		};
		9D9B7B5C28E4CEB20070A810 /* EksiSozlukApp */ = {
			isa = PBXGroup;
			children = (
				9D724B5E28E62EA5008ACF29 /* Model */,
				9D724B5D28E62EA0008ACF29 /* View */,
				9D724B5C28E62E99008ACF29 /* Controller */,
				9D9B7B5D28E4CEB20070A810 /* AppDelegate.swift */,
				9D9B7B5F28E4CEB20070A810 /* SceneDelegate.swift */,
				9D9B7B6328E4CEB20070A810 /* Main.storyboard */,
				9D9B7B6628E4CEB30070A810 /* Assets.xcassets */,
				9D9B7B6828E4CEB30070A810 /* LaunchScreen.storyboard */,
				9D9B7B7128E4D0CC0070A810 /* GoogleService-Info.plist */,
				9D9B7B6B28E4CEB30070A810 /* Info.plist */,
			);
			path = EksiSozlukApp;
			sourceTree = "<group>";
		};
		BD79FFC7A6F00B7202FD8406 /* Pods */ = {
			isa = PBXGroup;
			children = (
				EADC9E99698122290096AA68 /* Pods-EksiSozlukApp.debug.xcconfig */,
				45CC0B5A913587E1F885EB8C /* Pods-EksiSozlukApp.release.xcconfig */,
			);
			path = Pods;
			sourceTree = "<group>";
		};
/* End PBXGroup section */

/* Begin PBXNativeTarget section */
		9D9B7B5928E4CEB20070A810 /* EksiSozlukApp */ = {
			isa = PBXNativeTarget;
			buildConfigurationList = 9D9B7B6E28E4CEB30070A810 /* Build configuration list for PBXNativeTarget "EksiSozlukApp" */;
			buildPhases = (
				51890BD2C7CBB8F695F16F41 /* [CP] Check Pods Manifest.lock */,
				9D9B7B5628E4CEB20070A810 /* Sources */,
				9D9B7B5728E4CEB20070A810 /* Frameworks */,
				9D9B7B5828E4CEB20070A810 /* Resources */,
				3A5C3EEE06CC5E79B2C70609 /* [CP] Embed Pods Frameworks */,
			);
			buildRules = (
			);
			dependencies = (
			);
			name = EksiSozlukApp;
			productName = EksiSozlukApp;
			productReference = 9D9B7B5A28E4CEB20070A810 /* EksiSozlukApp.app */;
			productType = "com.apple.product-type.application";
		};
/* End PBXNativeTarget section */

/* Begin PBXProject section */
		9D9B7B5228E4CEB20070A810 /* Project object */ = {
			isa = PBXProject;
			attributes = {
				BuildIndependentTargetsInParallel = 1;
				LastSwiftUpdateCheck = 1400;
				LastUpgradeCheck = 1400;
				TargetAttributes = {
					9D9B7B5928E4CEB20070A810 = {
						CreatedOnToolsVersion = 14.0;
					};
				};
			};
			buildConfigurationList = 9D9B7B5528E4CEB20070A810 /* Build configuration list for PBXProject "EksiSozlukApp" */;
			compatibilityVersion = "Xcode 13.0";
			developmentRegion = en;
			hasScannedForEncodings = 0;
			knownRegions = (
				en,
				Base,
			);
			mainGroup = 9D9B7B5128E4CEB20070A810;
			productRefGroup = 9D9B7B5B28E4CEB20070A810 /* Products */;
			projectDirPath = "";
			projectRoot = "";
			targets = (
				9D9B7B5928E4CEB20070A810 /* EksiSozlukApp */,
			);
		};
/* End PBXProject section */

/* Begin PBXResourcesBuildPhase section */
		9D9B7B5828E4CEB20070A810 /* Resources */ = {
			isa = PBXResourcesBuildPhase;
			buildActionMask = 2147483647;
			files = (
				9D9B7B6A28E4CEB30070A810 /* LaunchScreen.storyboard in Resources */,
				9D9B7B7228E4D0CC0070A810 /* GoogleService-Info.plist in Resources */,
				9D9B7B6728E4CEB30070A810 /* Assets.xcassets in Resources */,
				9D9B7B6528E4CEB20070A810 /* Main.storyboard in Resources */,
			);
			runOnlyForDeploymentPostprocessing = 0;
		};
/* End PBXResourcesBuildPhase section */

/* Begin PBXShellScriptBuildPhase section */
		3A5C3EEE06CC5E79B2C70609 /* [CP] Embed Pods Frameworks */ = {
			isa = PBXShellScriptBuildPhase;
			buildActionMask = 2147483647;
			files = (
			);
			inputFileListPaths = (
				"${PODS_ROOT}/Target Support Files/Pods-EksiSozlukApp/Pods-EksiSozlukApp-frameworks-${CONFIGURATION}-input-files.xcfilelist",
			);
			name = "[CP] Embed Pods Frameworks";
			outputFileListPaths = (
				"${PODS_ROOT}/Target Support Files/Pods-EksiSozlukApp/Pods-EksiSozlukApp-frameworks-${CONFIGURATION}-output-files.xcfilelist",
			);
			runOnlyForDeploymentPostprocessing = 0;
			shellPath = /bin/sh;
			shellScript = "\"${PODS_ROOT}/Target Support Files/Pods-EksiSozlukApp/Pods-EksiSozlukApp-frameworks.sh\"\n";
			showEnvVarsInLog = 0;
		};
		51890BD2C7CBB8F695F16F41 /* [CP] Check Pods Manifest.lock */ = {
			isa = PBXShellScriptBuildPhase;
			buildActionMask = 2147483647;
			files = (
			);
			inputFileListPaths = (
			);
			inputPaths = (
				"${PODS_PODFILE_DIR_PATH}/Podfile.lock",
				"${PODS_ROOT}/Manifest.lock",
			);
			name = "[CP] Check Pods Manifest.lock";
			outputFileListPaths = (
			);
			outputPaths = (
				"$(DERIVED_FILE_DIR)/Pods-EksiSozlukApp-checkManifestLockResult.txt",
			);
			runOnlyForDeploymentPostprocessing = 0;
			shellPath = /bin/sh;
			shellScript = "diff \"${PODS_PODFILE_DIR_PATH}/Podfile.lock\" \"${PODS_ROOT}/Manifest.lock\" > /dev/null\nif [ $? != 0 ] ; then\n    # print error to STDERR\n    echo \"error: The sandbox is not in sync with the Podfile.lock. Run 'pod install' or update your CocoaPods installation.\" >&2\n    exit 1\nfi\n# This output is used by Xcode 'outputs' to avoid re-running this script phase.\necho \"SUCCESS\" > \"${SCRIPT_OUTPUT_FILE_0}\"\n";
			showEnvVarsInLog = 0;
		};
/* End PBXShellScriptBuildPhase section */

/* Begin PBXSourcesBuildPhase section */
		9D9B7B5628E4CEB20070A810 /* Sources */ = {
			isa = PBXSourcesBuildPhase;
			buildActionMask = 2147483647;
			files = (
				9D9B7B6228E4CEB20070A810 /* MainVC.swift in Sources */,
				9D9B7B5E28E4CEB20070A810 /* AppDelegate.swift in Sources */,
				9D9B7B6028E4CEB20070A810 /* SceneDelegate.swift in Sources */,
				9D724B6028E62F2D008ACF29 /* AddContentVC.swift in Sources */,
			);
			runOnlyForDeploymentPostprocessing = 0;
		};
/* End PBXSourcesBuildPhase section */

/* Begin PBXVariantGroup section */
		9D9B7B6328E4CEB20070A810 /* Main.storyboard */ = {
			isa = PBXVariantGroup;
			children = (
				9D9B7B6428E4CEB20070A810 /* Base */,
			);
			name = Main.storyboard;
			sourceTree = "<group>";
		};
		9D9B7B6828E4CEB30070A810 /* LaunchScreen.storyboard */ = {
			isa = PBXVariantGroup;
			children = (
				9D9B7B6928E4CEB30070A810 /* Base */,
			);
			name = LaunchScreen.storyboard;
			sourceTree = "<group>";
		};
/* End PBXVariantGroup section */

/* Begin XCBuildConfiguration section */
		9D9B7B6C28E4CEB30070A810 /* Debug */ = {
			isa = XCBuildConfiguration;
			buildSettings = {
				ALWAYS_SEARCH_USER_PATHS = NO;
				CLANG_ANALYZER_NONNULL = YES;
				CLANG_ANALYZER_NUMBER_OBJECT_CONVERSION = YES_AGGRESSIVE;
				CLANG_CXX_LANGUAGE_STANDARD = "gnu++20";
				CLANG_ENABLE_MODULES = YES;
				CLANG_ENABLE_OBJC_ARC = YES;
				CLANG_ENABLE_OBJC_WEAK = YES;
				CLANG_WARN_BLOCK_CAPTURE_AUTORELEASING = YES;
				CLANG_WARN_BOOL_CONVERSION = YES;
				CLANG_WARN_COMMA = YES;
				CLANG_WARN_CONSTANT_CONVERSION = YES;
				CLANG_WARN_DEPRECATED_OBJC_IMPLEMENTATIONS = YES;
				CLANG_WARN_DIRECT_OBJC_ISA_USAGE = YES_ERROR;
				CLANG_WARN_DOCUMENTATION_COMMENTS = YES;
				CLANG_WARN_EMPTY_BODY = YES;
				CLANG_WARN_ENUM_CONVERSION = YES;
				CLANG_WARN_INFINITE_RECURSION = YES;
				CLANG_WARN_INT_CONVERSION = YES;
				CLANG_WARN_NON_LITERAL_NULL_CONVERSION = YES;
				CLANG_WARN_OBJC_IMPLICIT_RETAIN_SELF = YES;
				CLANG_WARN_OBJC_LITERAL_CONVERSION = YES;
				CLANG_WARN_OBJC_ROOT_CLASS = YES_ERROR;
				CLANG_WARN_QUOTED_INCLUDE_IN_FRAMEWORK_HEADER = YES;
				CLANG_WARN_RANGE_LOOP_ANALYSIS = YES;
				CLANG_WARN_STRICT_PROTOTYPES = YES;
				CLANG_WARN_SUSPICIOUS_MOVE = YES;
				CLANG_WARN_UNGUARDED_AVAILABILITY = YES_AGGRESSIVE;
				CLANG_WARN_UNREACHABLE_CODE = YES;
				CLANG_WARN__DUPLICATE_METHOD_MATCH = YES;
				COPY_PHASE_STRIP = NO;
				DEBUG_INFORMATION_FORMAT = dwarf;
				ENABLE_STRICT_OBJC_MSGSEND = YES;
				ENABLE_TESTABILITY = YES;
				GCC_C_LANGUAGE_STANDARD = gnu11;
				GCC_DYNAMIC_NO_PIC = NO;
				GCC_NO_COMMON_BLOCKS = YES;
				GCC_OPTIMIZATION_LEVEL = 0;
				GCC_PREPROCESSOR_DEFINITIONS = (
					"DEBUG=1",
					"$(inherited)",
				);
				GCC_WARN_64_TO_32_BIT_CONVERSION = YES;
				GCC_WARN_ABOUT_RETURN_TYPE = YES_ERROR;
				GCC_WARN_UNDECLARED_SELECTOR = YES;
				GCC_WARN_UNINITIALIZED_AUTOS = YES_AGGRESSIVE;
				GCC_WARN_UNUSED_FUNCTION = YES;
				GCC_WARN_UNUSED_VARIABLE = YES;
				IPHONEOS_DEPLOYMENT_TARGET = 16.0;
				MTL_ENABLE_DEBUG_INFO = INCLUDE_SOURCE;
				MTL_FAST_MATH = YES;
				ONLY_ACTIVE_ARCH = YES;
				SDKROOT = iphoneos;
				SWIFT_ACTIVE_COMPILATION_CONDITIONS = DEBUG;
				SWIFT_OPTIMIZATION_LEVEL = "-Onone";
			};
			name = Debug;
		};
		9D9B7B6D28E4CEB30070A810 /* Release */ = {
			isa = XCBuildConfiguration;
			buildSettings = {
				ALWAYS_SEARCH_USER_PATHS = NO;
				CLANG_ANALYZER_NONNULL = YES;
				CLANG_ANALYZER_NUMBER_OBJECT_CONVERSION = YES_AGGRESSIVE;
				CLANG_CXX_LANGUAGE_STANDARD = "gnu++20";
				CLANG_ENABLE_MODULES = YES;
				CLANG_ENABLE_OBJC_ARC = YES;
				CLANG_ENABLE_OBJC_WEAK = YES;
				CLANG_WARN_BLOCK_CAPTURE_AUTORELEASING = YES;
				CLANG_WARN_BOOL_CONVERSION = YES;
				CLANG_WARN_COMMA = YES;
				CLANG_WARN_CONSTANT_CONVERSION = YES;
				CLANG_WARN_DEPRECATED_OBJC_IMPLEMENTATIONS = YES;
				CLANG_WARN_DIRECT_OBJC_ISA_USAGE = YES_ERROR;
				CLANG_WARN_DOCUMENTATION_COMMENTS = YES;
				CLANG_WARN_EMPTY_BODY = YES;
				CLANG_WARN_ENUM_CONVERSION = YES;
				CLANG_WARN_INFINITE_RECURSION = YES;
				CLANG_WARN_INT_CONVERSION = YES;
				CLANG_WARN_NON_LITERAL_NULL_CONVERSION = YES;
				CLANG_WARN_OBJC_IMPLICIT_RETAIN_SELF = YES;
				CLANG_WARN_OBJC_LITERAL_CONVERSION = YES;
				CLANG_WARN_OBJC_ROOT_CLASS = YES_ERROR;
				CLANG_WARN_QUOTED_INCLUDE_IN_FRAMEWORK_HEADER = YES;
				CLANG_WARN_RANGE_LOOP_ANALYSIS = YES;
				CLANG_WARN_STRICT_PROTOTYPES = YES;
				CLANG_WARN_SUSPICIOUS_MOVE = YES;
				CLANG_WARN_UNGUARDED_AVAILABILITY = YES_AGGRESSIVE;
				CLANG_WARN_UNREACHABLE_CODE = YES;
				CLANG_WARN__DUPLICATE_METHOD_MATCH = YES;
				COPY_PHASE_STRIP = NO;
				DEBUG_INFORMATION_FORMAT = "dwarf-with-dsym";
				ENABLE_NS_ASSERTIONS = NO;
				ENABLE_STRICT_OBJC_MSGSEND = YES;
				GCC_C_LANGUAGE_STANDARD = gnu11;
				GCC_NO_COMMON_BLOCKS = YES;
				GCC_WARN_64_TO_32_BIT_CONVERSION = YES;
				GCC_WARN_ABOUT_RETURN_TYPE = YES_ERROR;
				GCC_WARN_UNDECLARED_SELECTOR = YES;
				GCC_WARN_UNINITIALIZED_AUTOS = YES_AGGRESSIVE;
				GCC_WARN_UNUSED_FUNCTION = YES;
				GCC_WARN_UNUSED_VARIABLE = YES;
				IPHONEOS_DEPLOYMENT_TARGET = 16.0;
				MTL_ENABLE_DEBUG_INFO = NO;
				MTL_FAST_MATH = YES;
				SDKROOT = iphoneos;
				SWIFT_COMPILATION_MODE = wholemodule;
				SWIFT_OPTIMIZATION_LEVEL = "-O";
				VALIDATE_PRODUCT = YES;
			};
			name = Release;
		};
		9D9B7B6F28E4CEB30070A810 /* Debug */ = {
			isa = XCBuildConfiguration;
			baseConfigurationReference = EADC9E99698122290096AA68 /* Pods-EksiSozlukApp.debug.xcconfig */;
			buildSettings = {
				ASSETCATALOG_COMPILER_APPICON_NAME = AppIcon;
				ASSETCATALOG_COMPILER_GLOBAL_ACCENT_COLOR_NAME = AccentColor;
				CODE_SIGN_STYLE = Automatic;
				CURRENT_PROJECT_VERSION = 1;
				DEVELOPMENT_TEAM = 368D6M9S9N;
				GENERATE_INFOPLIST_FILE = YES;
				INFOPLIST_FILE = EksiSozlukApp/Info.plist;
				INFOPLIST_KEY_UIApplicationSupportsIndirectInputEvents = YES;
				INFOPLIST_KEY_UILaunchStoryboardName = LaunchScreen;
				INFOPLIST_KEY_UIMainStoryboardFile = Main;
				INFOPLIST_KEY_UISupportedInterfaceOrientations = UIInterfaceOrientationPortrait;
				INFOPLIST_KEY_UISupportedInterfaceOrientations_iPad = "UIInterfaceOrientationLandscapeLeft UIInterfaceOrientationLandscapeRight UIInterfaceOrientationPortrait UIInterfaceOrientationPortraitUpsideDown";
				LD_RUNPATH_SEARCH_PATHS = (
					"$(inherited)",
					"@executable_path/Frameworks",
				);
				MARKETING_VERSION = 1.0;
				PRODUCT_BUNDLE_IDENTIFIER = mertgaygusuz.EksiSozlukApp;
				PRODUCT_NAME = "$(TARGET_NAME)";
				SUPPORTED_PLATFORMS = "iphoneos iphonesimulator";
				SUPPORTS_MACCATALYST = NO;
				SUPPORTS_MAC_DESIGNED_FOR_IPHONE_IPAD = NO;
				SWIFT_EMIT_LOC_STRINGS = YES;
				SWIFT_VERSION = 5.0;
				TARGETED_DEVICE_FAMILY = 1;
			};
			name = Debug;
		};
		9D9B7B7028E4CEB30070A810 /* Release */ = {
			isa = XCBuildConfiguration;
			baseConfigurationReference = 45CC0B5A913587E1F885EB8C /* Pods-EksiSozlukApp.release.xcconfig */;
			buildSettings = {
				ASSETCATALOG_COMPILER_APPICON_NAME = AppIcon;
				ASSETCATALOG_COMPILER_GLOBAL_ACCENT_COLOR_NAME = AccentColor;
				CODE_SIGN_STYLE = Automatic;
				CURRENT_PROJECT_VERSION = 1;
				DEVELOPMENT_TEAM = 368D6M9S9N;
				GENERATE_INFOPLIST_FILE = YES;
				INFOPLIST_FILE = EksiSozlukApp/Info.plist;
				INFOPLIST_KEY_UIApplicationSupportsIndirectInputEvents = YES;
				INFOPLIST_KEY_UILaunchStoryboardName = LaunchScreen;
				INFOPLIST_KEY_UIMainStoryboardFile = Main;
				INFOPLIST_KEY_UISupportedInterfaceOrientations = UIInterfaceOrientationPortrait;
				INFOPLIST_KEY_UISupportedInterfaceOrientations_iPad = "UIInterfaceOrientationLandscapeLeft UIInterfaceOrientationLandscapeRight UIInterfaceOrientationPortrait UIInterfaceOrientationPortraitUpsideDown";
				LD_RUNPATH_SEARCH_PATHS = (
					"$(inherited)",
					"@executable_path/Frameworks",
				);
				MARKETING_VERSION = 1.0;
				PRODUCT_BUNDLE_IDENTIFIER = mertgaygusuz.EksiSozlukApp;
				PRODUCT_NAME = "$(TARGET_NAME)";
				SUPPORTED_PLATFORMS = "iphoneos iphonesimulator";
				SUPPORTS_MACCATALYST = NO;
				SUPPORTS_MAC_DESIGNED_FOR_IPHONE_IPAD = NO;
				SWIFT_EMIT_LOC_STRINGS = YES;
				SWIFT_VERSION = 5.0;
				TARGETED_DEVICE_FAMILY = 1;
			};
			name = Release;
		};
/* End XCBuildConfiguration section */

/* Begin XCConfigurationList section */
		9D9B7B5528E4CEB20070A810 /* Build configuration list for PBXProject "EksiSozlukApp" */ = {
			isa = XCConfigurationList;
			buildConfigurations = (
				9D9B7B6C28E4CEB30070A810 /* Debug */,
				9D9B7B6D28E4CEB30070A810 /* Release */,
			);
			defaultConfigurationIsVisible = 0;
			defaultConfigurationName = Release;
		};
		9D9B7B6E28E4CEB30070A810 /* Build configuration list for PBXNativeTarget "EksiSozlukApp" */ = {
			isa = XCConfigurationList;
			buildConfigurations = (
				9D9B7B6F28E4CEB30070A810 /* Debug */,
				9D9B7B7028E4CEB30070A810 /* Release */,
			);
			defaultConfigurationIsVisible = 0;
			defaultConfigurationName = Release;
		};
/* End XCConfigurationList section */
	};
	rootObject = 9D9B7B5228E4CEB20070A810 /* Project object */;
}
